<?xml version="1.0" encoding="utf-8"?>
<Project ToolsVersion="4.0" xmlns="http://schemas.microsoft.com/developer/msbuild/2003">
  <ItemGroup>
    <Filter Include="99.Default">
      <UniqueIdentifier>{ba5827b2-7f01-44db-b2fb-e27314328a8c}</UniqueIdentifier>
    </Filter>
    <Filter Include="97.Managers">
      <UniqueIdentifier>{b0278162-e11b-4add-8943-543ccd018cbb}</UniqueIdentifier>
    </Filter>
    <Filter Include="00.MainGame">
      <UniqueIdentifier>{8dc26858-087e-4c81-9478-81481e72ac15}</UniqueIdentifier>
    </Filter>
    <Filter Include="01.GameObject">
      <UniqueIdentifier>{c4e0c7ad-dee7-4625-bd00-19d29cab92a3}</UniqueIdentifier>
    </Filter>
    <Filter Include="97.Managers\00.Device">
      <UniqueIdentifier>{fe87957f-1e46-4ef8-b9a3-efd175b1c2c2}</UniqueIdentifier>
    </Filter>
    <Filter Include="97.Managers\99.TextureManager">
      <UniqueIdentifier>{e2c724af-b4c2-452f-9f2b-2a79b3985027}</UniqueIdentifier>
    </Filter>
    <Filter Include="97.Managers\99.TextureManager\00.Texture">
      <UniqueIdentifier>{8541511f-8d57-46d9-ad62-a4a25bc01629}</UniqueIdentifier>
    </Filter>
    <Filter Include="97.Managers\99.TextureManager\01.SingleTexture">
      <UniqueIdentifier>{d4c7e068-fb1e-49a1-a773-1aebb03d61a5}</UniqueIdentifier>
    </Filter>
    <Filter Include="97.Managers\99.TextureManager\02.MultiTexture">
      <UniqueIdentifier>{fcefbb62-6cd0-44d7-acb2-0b19d98f7162}</UniqueIdentifier>
    </Filter>
    <Filter Include="01.GameObject\00.Level">
      <UniqueIdentifier>{9409d15a-1dd5-41ef-8fa3-28f112a166a5}</UniqueIdentifier>
    </Filter>
    <Filter Include="01.GameObject\01.Deco">
      <UniqueIdentifier>{3dd04611-b2c4-4fb9-804a-6063d093f98f}</UniqueIdentifier>
    </Filter>
    <Filter Include="97.Managers\99.TextureManager\03.AtlasTexture">
      <UniqueIdentifier>{168cd4ad-b1f0-46f2-a8d1-c0a8307ec349}</UniqueIdentifier>
    </Filter>
    <Filter Include="00.MainGame\GameManager">
      <UniqueIdentifier>{73d2c776-da77-4dd6-8efd-7df2985ee4d6}</UniqueIdentifier>
    </Filter>
    <Filter Include="97.Managers\01.KeyManager">
      <UniqueIdentifier>{4a971101-43fe-4b0d-b3c4-a48921cfcb02}</UniqueIdentifier>
    </Filter>
    <Filter Include="97.Managers\02.TimeManager">
      <UniqueIdentifier>{c55ae58f-1ec3-4c91-8901-fc5f86720996}</UniqueIdentifier>
    </Filter>
    <Filter Include="00.MainGame\ViewManager">
      <UniqueIdentifier>{bf72dc4d-9763-4f29-aa0d-927754105261}</UniqueIdentifier>
    </Filter>
    <Filter Include="02.Actor">
      <UniqueIdentifier>{df90311f-ba89-4306-9dff-405e72688bdc}</UniqueIdentifier>
    </Filter>
    <Filter Include="02.Actor\00.ACommender">
      <UniqueIdentifier>{d356ba34-25e1-43f3-8c64-782429075023}</UniqueIdentifier>
    </Filter>
    <Filter Include="02.Actor\01.AUnit">
      <UniqueIdentifier>{7bba6077-32c4-47fb-8f8b-ee29f7b960f3}</UniqueIdentifier>
    </Filter>
    <Filter Include="03.Building">
      <UniqueIdentifier>{355d0270-8791-40b0-85ff-7815365ee173}</UniqueIdentifier>
    </Filter>
    <Filter Include="03.Building\BHQ">
      <UniqueIdentifier>{42b336fc-2227-4e2a-b070-e5a3d7177e4f}</UniqueIdentifier>
    </Filter>
    <Filter Include="03.Building\BFarm">
      <UniqueIdentifier>{8a65f44b-8e36-46ec-a4bf-33e1be4a1bac}</UniqueIdentifier>
    </Filter>
    <Filter Include="03.Building\BUnitFactory">
      <UniqueIdentifier>{8c8f5bf5-168f-4985-8ce5-055dd6c88d10}</UniqueIdentifier>
    </Filter>
    <Filter Include="01.GameObject\02.CNeutralHQ">
      <UniqueIdentifier>{8c677d74-c524-4cdb-8273-4f474c3fff60}</UniqueIdentifier>
    </Filter>
    <Filter Include="98.DesignPattern">
      <UniqueIdentifier>{9fed4bf9-58ce-4038-8661-9b577f48412a}</UniqueIdentifier>
    </Filter>
    <Filter Include="98.DesignPattern\Bridge">
      <UniqueIdentifier>{432f376c-1a7b-4d2e-ac4d-0dac38a51c0c}</UniqueIdentifier>
    </Filter>
    <Filter Include="98.DesignPattern\Observer">
      <UniqueIdentifier>{6aad312b-937e-422f-ae38-781af2452981}</UniqueIdentifier>
    </Filter>
    <Filter Include="01.GameObject\03.HQGround">
      <UniqueIdentifier>{35ac22a8-2607-477f-91b1-2f9a1ea17006}</UniqueIdentifier>
    </Filter>
    <Filter Include="98.DesignPattern\Command">
      <UniqueIdentifier>{a8fa55e1-45e4-4547-a4af-bc69f7cf6bb3}</UniqueIdentifier>
    </Filter>
    <Filter Include="96.Scene">
      <UniqueIdentifier>{bdc5136b-7b3e-4c59-97c6-030cf23ae2a3}</UniqueIdentifier>
    </Filter>
    <Filter Include="96.Scene\SceneManager">
      <UniqueIdentifier>{cbeccf1a-b02a-4ff9-afc7-588b9b0a6f09}</UniqueIdentifier>
    </Filter>
    <Filter Include="96.Scene\00.Logo">
      <UniqueIdentifier>{23b11975-7361-4de1-af3f-233699a36ff4}</UniqueIdentifier>
    </Filter>
    <Filter Include="96.Scene\01.Title">
      <UniqueIdentifier>{72c46f45-4339-4394-b63a-8f8fd49b0bd8}</UniqueIdentifier>
    </Filter>
    <Filter Include="96.Scene\02.Stage">
      <UniqueIdentifier>{1de559ee-e45e-4206-a40f-d61e6ec3b593}</UniqueIdentifier>
    </Filter>
    <Filter Include="96.Scene\02.Stage\Stage_3">
      <UniqueIdentifier>{57bd4ea4-9c5c-4fa7-9171-7135e1a1744c}</UniqueIdentifier>
    </Filter>
    <Filter Include="04.UI">
      <UniqueIdentifier>{864deacf-f656-4130-87fc-b14ddb76bab0}</UniqueIdentifier>
    </Filter>
    <Filter Include="98.DesignPattern\State">
      <UniqueIdentifier>{526c6cff-0540-4d15-a506-80f53ed3b872}</UniqueIdentifier>
    </Filter>
    <Filter Include="02.Actor\01.AUnit\DUnitState">
      <UniqueIdentifier>{a462aa6a-d5a6-430d-ac4a-e06c1728c58f}</UniqueIdentifier>
    </Filter>
    <Filter Include="02.Actor\01.AUnit\DUnitState\DUnit_1Tear">
      <UniqueIdentifier>{15ccd762-7afe-48e2-8d53-2b416a2fbd67}</UniqueIdentifier>
    </Filter>
    <Filter Include="02.Actor\01.AUnit\DUnitState\DUnit_2Tear">
      <UniqueIdentifier>{f2c3972b-1ebb-4786-9002-f3ecde9614e6}</UniqueIdentifier>
    </Filter>
    <Filter Include="02.Actor\01.AUnit\DUnitState\DUnit_3Tear">
      <UniqueIdentifier>{d1bb1bc8-f231-4cca-8769-d0bf7e65152a}</UniqueIdentifier>
    </Filter>
    <Filter Include="02.Actor\01.AUnit\DUnitState\DUnit_Fly">
      <UniqueIdentifier>{88e4bdc5-4526-496b-9f73-fc3a53ba0d4c}</UniqueIdentifier>
    </Filter>
    <Filter Include="02.Actor\01.AUnit\DUnitState\DUnit_Building">
      <UniqueIdentifier>{b486054a-5e22-4dbf-9e89-231f7e09c30c}</UniqueIdentifier>
    </Filter>
    <Filter Include="02.Actor\01.AUnit\DUnitState\DUnit_Pig">
      <UniqueIdentifier>{b6729cc1-d2d2-451a-bd3f-b9a4173db500}</UniqueIdentifier>
    </Filter>
    <Filter Include="98.DesignPattern\Observer\Subject">
      <UniqueIdentifier>{abdad91b-8e10-47d8-9aa4-07988c83c442}</UniqueIdentifier>
    </Filter>
    <Filter Include="02.Actor\99.Astar">
      <UniqueIdentifier>{73f94063-2042-46e6-86ed-2867689cf44d}</UniqueIdentifier>
    </Filter>
    <Filter Include="02.Actor\00.ACommender\PlayerCommand">
      <UniqueIdentifier>{6c5a21ef-cf5f-40b2-b6d7-e0759d113905}</UniqueIdentifier>
    </Filter>
    <Filter Include="02.Actor\00.ACommender\AICommand">
      <UniqueIdentifier>{a636f68c-c3ed-42d3-9dff-3556b565dbeb}</UniqueIdentifier>
    </Filter>
    <Filter Include="01.GameObject\04.Effect">
      <UniqueIdentifier>{27537f6f-3ee8-41ed-90d7-00e45437b27f}</UniqueIdentifier>
    </Filter>
    <Filter Include="01.GameObject\04.Effect\TimerEffectBridge">
      <UniqueIdentifier>{59723600-1980-437d-af1d-e61f842cfd06}</UniqueIdentifier>
    </Filter>
    <Filter Include="01.GameObject\04.Effect\BulletEffectBridge">
      <UniqueIdentifier>{206b5cd2-94dd-43b2-9f79-33abd1196b89}</UniqueIdentifier>
    </Filter>
    <Filter Include="01.GameObject\04.Effect\OneShotEffectBridge">
      <UniqueIdentifier>{8b65e1a1-af08-4707-98d0-3f3e7866d3ed}</UniqueIdentifier>
    </Filter>
    <Filter Include="01.GameObject\04.Effect\EffectBridge">
      <UniqueIdentifier>{56d1088f-4b2b-46c2-b302-55fd0b0a4971}</UniqueIdentifier>
    </Filter>
  </ItemGroup>
  <ItemGroup>
    <ClInclude Include="Client.h">
      <Filter>99.Default</Filter>
    </ClInclude>
    <ClInclude Include="Resource.h">
      <Filter>99.Default</Filter>
    </ClInclude>
    <ClInclude Include="targetver.h">
      <Filter>99.Default</Filter>
    </ClInclude>
    <ClInclude Include="stdafx.h" />
    <ClInclude Include="GameObject.h">
      <Filter>01.GameObject</Filter>
    </ClInclude>
    <ClInclude Include="MainGame.h">
      <Filter>00.MainGame</Filter>
    </ClInclude>
    <ClInclude Include="GameManager.h">
      <Filter>00.MainGame\GameManager</Filter>
    </ClInclude>
    <ClInclude Include="Actor.h">
      <Filter>02.Actor</Filter>
    </ClInclude>
    <ClInclude Include="Device.h">
      <Filter>97.Managers\00.Device</Filter>
    </ClInclude>
    <ClInclude Include="KeyManager.h">
      <Filter>97.Managers\01.KeyManager</Filter>
    </ClInclude>
    <ClInclude Include="Texture.h">
      <Filter>97.Managers\99.TextureManager\00.Texture</Filter>
    </ClInclude>
    <ClInclude Include="TextureManager.h">
      <Filter>97.Managers\99.TextureManager</Filter>
    </ClInclude>
    <ClInclude Include="SingleTexture.h">
      <Filter>97.Managers\99.TextureManager\01.SingleTexture</Filter>
    </ClInclude>
    <ClInclude Include="MultiTexture.h">
      <Filter>97.Managers\99.TextureManager\02.MultiTexture</Filter>
    </ClInclude>
    <ClInclude Include="TimeManager.h">
      <Filter>97.Managers\02.TimeManager</Filter>
    </ClInclude>
    <ClInclude Include="Level.h">
      <Filter>01.GameObject\00.Level</Filter>
    </ClInclude>
    <ClInclude Include="Deco.h">
      <Filter>01.GameObject\01.Deco</Filter>
    </ClInclude>
    <ClInclude Include="AtlasTexture.h">
      <Filter>97.Managers\99.TextureManager\03.AtlasTexture</Filter>
    </ClInclude>
    <ClInclude Include="SceneManager.h">
      <Filter>96.Scene\SceneManager</Filter>
    </ClInclude>
    <ClInclude Include="Scene.h">
      <Filter>96.Scene</Filter>
    </ClInclude>
    <ClInclude Include="Logo.h">
      <Filter>96.Scene\00.Logo</Filter>
    </ClInclude>
    <ClInclude Include="Stage_3.h">
      <Filter>96.Scene\02.Stage\Stage_3</Filter>
    </ClInclude>
    <ClInclude Include="ViewManager.h">
      <Filter>00.MainGame\ViewManager</Filter>
    </ClInclude>
    <ClInclude Include="ACommander.h">
      <Filter>02.Actor\00.ACommender</Filter>
    </ClInclude>
    <ClInclude Include="DCommand.h">
      <Filter>98.DesignPattern\Command</Filter>
    </ClInclude>
    <ClInclude Include="DPlayerCommand.h">
      <Filter>02.Actor\00.ACommender\PlayerCommand</Filter>
    </ClInclude>
    <ClInclude Include="DBridge.h">
      <Filter>98.DesignPattern\Bridge</Filter>
    </ClInclude>
    <ClInclude Include="Building.h">
      <Filter>03.Building</Filter>
    </ClInclude>
    <ClInclude Include="NeutralHQ.h">
      <Filter>01.GameObject\02.CNeutralHQ</Filter>
    </ClInclude>
    <ClInclude Include="HQGround.h">
      <Filter>01.GameObject\03.HQGround</Filter>
    </ClInclude>
    <ClInclude Include="BFarm.h">
      <Filter>03.Building\BFarm</Filter>
    </ClInclude>
    <ClInclude Include="DObjectFactory.h">
      <Filter>01.GameObject</Filter>
    </ClInclude>
    <ClInclude Include="UI.h">
      <Filter>04.UI</Filter>
    </ClInclude>
    <ClInclude Include="BHQ.h">
      <Filter>03.Building\BHQ</Filter>
    </ClInclude>
    <ClInclude Include="BUnitFactory.h">
      <Filter>03.Building\BUnitFactory</Filter>
    </ClInclude>
    <ClInclude Include="AUnit.h">
      <Filter>02.Actor\01.AUnit</Filter>
    </ClInclude>
    <ClInclude Include="DState.h">
      <Filter>98.DesignPattern\State</Filter>
    </ClInclude>
    <ClInclude Include="DUnitState.h">
      <Filter>02.Actor\01.AUnit\DUnitState</Filter>
    </ClInclude>
    <ClInclude Include="DUnit_1Tear.h">
      <Filter>02.Actor\01.AUnit\DUnitState\DUnit_1Tear</Filter>
    </ClInclude>
    <ClInclude Include="DObserver.h">
      <Filter>98.DesignPattern\Observer</Filter>
    </ClInclude>
    <ClInclude Include="DSubject.h">
      <Filter>98.DesignPattern\Observer\Subject</Filter>
    </ClInclude>
    <ClInclude Include="AStar.h">
      <Filter>02.Actor\99.Astar</Filter>
    </ClInclude>
    <ClInclude Include="DAICommand.h">
      <Filter>02.Actor\00.ACommender\AICommand</Filter>
    </ClInclude>
    <ClInclude Include="DBulletEffectBridge.h">
      <Filter>01.GameObject\04.Effect\BulletEffectBridge</Filter>
    </ClInclude>
    <ClInclude Include="DOneShotEffectBridge.h">
      <Filter>01.GameObject\04.Effect\OneShotEffectBridge</Filter>
    </ClInclude>
    <ClInclude Include="Effect.h">
      <Filter>01.GameObject\04.Effect</Filter>
    </ClInclude>
    <ClInclude Include="DEffectBridge.h" />
  </ItemGroup>
  <ItemGroup>
    <ClCompile Include="stdafx.cpp">
      <Filter>99.Default</Filter>
    </ClCompile>
    <ClCompile Include="GameObject.cpp">
      <Filter>01.GameObject</Filter>
    </ClCompile>
    <ClCompile Include="MainGame.cpp">
      <Filter>00.MainGame</Filter>
    </ClCompile>
    <ClCompile Include="Client.cpp" />
    <ClCompile Include="GameManager.cpp">
      <Filter>00.MainGame\GameManager</Filter>
    </ClCompile>
    <ClCompile Include="Actor.cpp">
      <Filter>02.Actor</Filter>
    </ClCompile>
    <ClCompile Include="Device.cpp">
      <Filter>97.Managers\00.Device</Filter>
    </ClCompile>
    <ClCompile Include="KeyManager.cpp">
      <Filter>97.Managers\01.KeyManager</Filter>
    </ClCompile>
    <ClCompile Include="Texture.cpp">
      <Filter>97.Managers\99.TextureManager\00.Texture</Filter>
    </ClCompile>
    <ClCompile Include="TextureManager.cpp">
      <Filter>97.Managers\99.TextureManager</Filter>
    </ClCompile>
    <ClCompile Include="SingleTexture.cpp">
      <Filter>97.Managers\99.TextureManager\01.SingleTexture</Filter>
    </ClCompile>
    <ClCompile Include="MultiTexture.cpp">
      <Filter>97.Managers\99.TextureManager\02.MultiTexture</Filter>
    </ClCompile>
    <ClCompile Include="TimeManager.cpp">
      <Filter>97.Managers\02.TimeManager</Filter>
    </ClCompile>
    <ClCompile Include="Level.cpp">
      <Filter>01.GameObject\00.Level</Filter>
    </ClCompile>
    <ClCompile Include="Deco.cpp">
      <Filter>01.GameObject\01.Deco</Filter>
    </ClCompile>
    <ClCompile Include="AtlasTexture.cpp">
      <Filter>97.Managers\99.TextureManager\03.AtlasTexture</Filter>
    </ClCompile>
    <ClCompile Include="SceneManager.cpp">
      <Filter>96.Scene\SceneManager</Filter>
    </ClCompile>
    <ClCompile Include="Scene.cpp">
      <Filter>96.Scene</Filter>
    </ClCompile>
    <ClCompile Include="Logo.cpp">
      <Filter>96.Scene\00.Logo</Filter>
    </ClCompile>
    <ClCompile Include="Stage_3.cpp">
      <Filter>96.Scene\02.Stage\Stage_3</Filter>
    </ClCompile>
    <ClCompile Include="ViewManager.cpp">
      <Filter>00.MainGame\ViewManager</Filter>
    </ClCompile>
    <ClCompile Include="ACommander.cpp">
      <Filter>02.Actor\00.ACommender</Filter>
    </ClCompile>
    <ClCompile Include="DCommand.cpp">
      <Filter>98.DesignPattern\Command</Filter>
    </ClCompile>
    <ClCompile Include="DPlayerCommand.cpp">
      <Filter>02.Actor\00.ACommender\PlayerCommand</Filter>
    </ClCompile>
    <ClCompile Include="DBridge.cpp">
      <Filter>98.DesignPattern\Bridge</Filter>
    </ClCompile>
    <ClCompile Include="Building.cpp">
      <Filter>03.Building</Filter>
    </ClCompile>
    <ClCompile Include="NeutralHQ.cpp">
      <Filter>01.GameObject\02.CNeutralHQ</Filter>
    </ClCompile>
    <ClCompile Include="HQGround.cpp">
      <Filter>01.GameObject\03.HQGround</Filter>
    </ClCompile>
    <ClCompile Include="BFarm.cpp">
      <Filter>03.Building\BFarm</Filter>
    </ClCompile>
    <ClCompile Include="UI.cpp">
      <Filter>04.UI</Filter>
    </ClCompile>
    <ClCompile Include="BHQ.cpp">
      <Filter>03.Building\BHQ</Filter>
    </ClCompile>
    <ClCompile Include="BUnitFactory.cpp">
      <Filter>03.Building\BUnitFactory</Filter>
    </ClCompile>
    <ClCompile Include="AUnit.cpp">
      <Filter>02.Actor\01.AUnit</Filter>
    </ClCompile>
    <ClCompile Include="DState.cpp">
      <Filter>98.DesignPattern\State</Filter>
    </ClCompile>
    <ClCompile Include="DUnit_1Tear.cpp">
      <Filter>02.Actor\01.AUnit\DUnitState\DUnit_1Tear</Filter>
    </ClCompile>
    <ClCompile Include="DUnitState.cpp">
      <Filter>02.Actor\01.AUnit\DUnitState</Filter>
    </ClCompile>
    <ClCompile Include="DObserver.cpp">
      <Filter>98.DesignPattern\Observer</Filter>
    </ClCompile>
    <ClCompile Include="DSubject.cpp">
      <Filter>98.DesignPattern\Observer\Subject</Filter>
    </ClCompile>
    <ClCompile Include="AStar.cpp">
      <Filter>02.Actor\99.Astar</Filter>
    </ClCompile>
    <ClCompile Include="DAICommand.cpp">
      <Filter>02.Actor\00.ACommender\AICommand</Filter>
    </ClCompile>
    <ClCompile Include="DBulletEffectBridge.cpp">
      <Filter>01.GameObject\04.Effect\BulletEffectBridge</Filter>
    </ClCompile>
    <ClCompile Include="DOneShotEffectBridge.cpp">
      <Filter>01.GameObject\04.Effect\OneShotEffectBridge</Filter>
    </ClCompile>
    <ClCompile Include="Effect.cpp">
      <Filter>01.GameObject\04.Effect</Filter>
    </ClCompile>
    <ClCompile Include="DEffectBridge.cpp" />
  </ItemGroup>
  <ItemGroup>
    <Image Include="Client.ico">
      <Filter>99.Default</Filter>
    </Image>
    <Image Include="small.ico">
      <Filter>99.Default</Filter>
    </Image>
  </ItemGroup>
  <ItemGroup>
    <ResourceCompile Include="Client.rc">
      <Filter>99.Default</Filter>
    </ResourceCompile>
  </ItemGroup>
</Project>